// !$*UTF8*$!
{
	archiveVersion = 1;
	classes = {
	};
	objectVersion = 77;
	objects = {

/* Begin PBXFileReference section */
		D4955E622F29E6D7006FFC31 /* BrickNote.xcodeproj */ = {isa = PBXFileReference; lastKnownFileType = "wrapper.pb-project"; name = BrickNote.xcodeproj; path = BrickNote/BrickNote.xcodeproj; sourceTree = "<group>"; };
		D4C2E3DA2F31DA54003D3577 /* Home.md */ = {isa = PBXFileReference; lastKnownFileType = net.daringfireball.markdown; path = Home.md; sourceTree = "<group>"; };
		D4C2E3E22F31DB0F003D3577 /* Tag-Colors.md */ = {isa = PBXFileReference; lastKnownFileType = net.daringfireball.markdown; path = "Tag-Colors.md"; sourceTree = "<group>"; };
		D4C2E3F52F35CD79003D3577 /* TagListView.md */ = {isa = PBXFileReference; lastKnownFileType = sourcecode.swift; path = TagListView.md; sourceTree = "<group>"; };
		D4C2E3FD2F361AD8003D3577 /* tagging_screenrec.mov */ = {isa = PBXFileReference; lastKnownFileType = video.quicktime; path = tagging_screenrec.mov; sourceTree = "<group>"; };
		D4F5DA3B2F27F760001A21BF /* requirements.md */ = {isa = PBXFileReference; lastKnownFileType = net.daringfireball.markdown; path = requirements.md; sourceTree = "<group>"; };
		D4F5DA3C2F27F78A001A21BF /* architecture.md */ = {isa = PBXFileReference; lastKnownFileType = net.daringfireball.markdown; path = architecture.md; sourceTree = "<group>"; };
		D4F5DA3F2F27F7F5001A21BF /* 0001-di-approach.md */ = {isa = PBXFileReference; lastKnownFileType = net.daringfireball.markdown; path = "0001-di-approach.md"; sourceTree = "<group>"; };
		D4F5DA402F27F88C001A21BF /* vision.md */ = {isa = PBXFileReference; lastKnownFileType = net.daringfireball.markdown; path = vision.md; sourceTree = "<group>"; };
		D4F5DAC32F289555001A21BF /* BrickList.xcodeproj */ = {isa = PBXFileReference; lastKnownFileType = "wrapper.pb-project"; name = BrickList.xcodeproj; path = BrickList/BrickList.xcodeproj; sourceTree = "<group>"; };
		D4F5DAFC2F289674001A21BF /* AppBrickCore */ = {isa = PBXFileReference; lastKnownFileType = wrapper; path = AppBrickCore; sourceTree = "<group>"; };
		D4F5DAFD2F2896B7001A21BF /* AppBrickUI */ = {isa = PBXFileReference; lastKnownFileType = wrapper; path = AppBrickUI; sourceTree = "<group>"; };
/* End PBXFileReference section */

/* Begin PBXGroup section */
		D4955E632F29E6D7006FFC31 /* Products */ = {
			isa = PBXGroup;
			children = (
			);
			name = Products;
			sourceTree = "<group>";
		};
		D4C2E3DB2F31DA54003D3577 /* AppBricks.wiki */ = {
			isa = PBXGroup;
			children = (
				D4C2E3F52F35CD79003D3577 /* TagListView.md */,
				D4C2E3E22F31DB0F003D3577 /* Tag-Colors.md */,
				D4C2E3DA2F31DA54003D3577 /* Home.md */,
			);
			path = AppBricks.wiki;
			sourceTree = "<group>";
		};
		D4F5DA072F26B15A001A21BF = {
			isa = PBXGroup;
			children = (
				D4C2E3DB2F31DA54003D3577 /* AppBricks.wiki */,
				D4F5DA432F2800B8001A21BF /* DemoApps */,
				D4F5DA412F27FA73001A21BF /* packages */,
				D4F5DA3A2F26B43E001A21BF /* docs */,
				D4F5DA112F26B15A001A21BF /* Products */,
			);
			sourceTree = "<group>";
		};
		D4F5DA112F26B15A001A21BF /* Products */ = {
			isa = PBXGroup;
			children = (
			);
			name = Products;
			sourceTree = "<group>";
		};
		D4F5DA3A2F26B43E001A21BF /* docs */ = {
			isa = PBXGroup;
			children = (
				D4F5DA402F27F88C001A21BF /* vision.md */,
				D4F5DA3E2F27F7E3001A21BF /* decisions */,
				D4F5DA3C2F27F78A001A21BF /* architecture.md */,
				D4F5DA3B2F27F760001A21BF /* requirements.md */,
				D4C2E3FD2F361AD8003D3577 /* tagging_screenrec.mov */,
			);
			path = docs;
			sourceTree = "<group>";
		};
		D4F5DA3E2F27F7E3001A21BF /* decisions */ = {
			isa = PBXGroup;
			children = (
				D4F5DA3F2F27F7F5001A21BF /* 0001-di-approach.md */,
			);
			path = decisions;
			sourceTree = "<group>";
		};
		D4F5DA412F27FA73001A21BF /* packages */ = {
			isa = PBXGroup;
			children = (
				D4F5DAFD2F2896B7001A21BF /* AppBrickUI */,
				D4F5DAFC2F289674001A21BF /* AppBrickCore */,
			);
			path = packages;
			sourceTree = "<group>";
		};
		D4F5DA432F2800B8001A21BF /* DemoApps */ = {
			isa = PBXGroup;
			children = (
				D4955E622F29E6D7006FFC31 /* BrickNote.xcodeproj */,
				D4F5DAC32F289555001A21BF /* BrickList.xcodeproj */,
			);
			path = DemoApps;
			sourceTree = "<group>";
		};
		D4F5DAC42F289555001A21BF /* Products */ = {
			isa = PBXGroup;
			children = (
			);
			name = Products;
			sourceTree = "<group>";
		};
/* End PBXGroup section */

/* Begin PBXProject section */
		D4F5DA082F26B15A001A21BF /* Project object */ = {
			isa = PBXProject;
			attributes = {
				BuildIndependentTargetsInParallel = 1;
				LastSwiftUpdateCheck = 2620;
				LastUpgradeCheck = 2620;
			};
			buildConfigurationList = D4F5DA0B2F26B15A001A21BF /* Build configuration list for PBXProject "AppBricks" */;
			developmentRegion = en;
			hasScannedForEncodings = 0;
			knownRegions = (
				en,
				Base,
			);
			mainGroup = D4F5DA072F26B15A001A21BF;
			minimizedProjectReferenceProxies = 1;
			preferredProjectObjectVersion = 77;
			productRefGroup = D4F5DA112F26B15A001A21BF /* Products */;
			projectDirPath = "";
			projectReferences = (
				{
					ProductGroup = D4F5DAC42F289555001A21BF /* Products */;
					ProjectRef = D4F5DAC32F289555001A21BF /* BrickList.xcodeproj */;
				},
				{
					ProductGroup = D4955E632F29E6D7006FFC31 /* Products */;
					ProjectRef = D4955E622F29E6D7006FFC31 /* BrickNote.xcodeproj */;
				},
			);
			projectRoot = "";
			targets = (
			);
		};
/* End PBXProject section */

/* Begin XCBuildConfiguration section */
		D4F5DA2F2F26B15C001A21BF /* Debug */ = {
			isa = XCBuildConfiguration;
			buildSettings = {
				ALWAYS_SEARCH_USER_PATHS = NO;
				ASSETCATALOG_COMPILER_GENERATE_SWIFT_ASSET_SYMBOL_EXTENSIONS = YES;
				CLANG_ANALYZER_NONNULL = YES;
				CLANG_ANALYZER_NUMBER_OBJECT_CONVERSION = YES_AGGRESSIVE;
				CLANG_CXX_LANGUAGE_STANDARD = "gnu++20";
				CLANG_ENABLE_MODULES = YES;
				CLANG_ENABLE_OBJC_ARC = YES;
				CLANG_ENABLE_OBJC_WEAK = YES;
				CLANG_WARN_BLOCK_CAPTURE_AUTORELEASING = YES;
				CLANG_WARN_BOOL_CONVERSION = YES;
				CLANG_WARN_COMMA = YES;
				CLANG_WARN_CONSTANT_CONVERSION = YES;
				CLANG_WARN_DEPRECATED_OBJC_IMPLEMENTATIONS = YES;
				CLANG_WARN_DIRECT_OBJC_ISA_USAGE = YES_ERROR;
				CLANG_WARN_DOCUMENTATION_COMMENTS = YES;
				CLANG_WARN_EMPTY_BODY = YES;
				CLANG_WARN_ENUM_CONVERSION = YES;
				CLANG_WARN_INFINITE_RECURSION = YES;
				CLANG_WARN_INT_CONVERSION = YES;
				CLANG_WARN_NON_LITERAL_NULL_CONVERSION = YES;
				CLANG_WARN_OBJC_IMPLICIT_RETAIN_SELF = YES;
				CLANG_WARN_OBJC_LITERAL_CONVERSION = YES;
				CLANG_WARN_OBJC_ROOT_CLASS = YES_ERROR;
				CLANG_WARN_QUOTED_INCLUDE_IN_FRAMEWORK_HEADER = YES;
				CLANG_WARN_RANGE_LOOP_ANALYSIS = YES;
				CLANG_WARN_STRICT_PROTOTYPES = YES;
				CLANG_WARN_SUSPICIOUS_MOVE = YES;
				CLANG_WARN_UNGUARDED_AVAILABILITY = YES_AGGRESSIVE;
				CLANG_WARN_UNREACHABLE_CODE = YES;
				CLANG_WARN__DUPLICATE_METHOD_MATCH = YES;
				COPY_PHASE_STRIP = NO;
				DEBUG_INFORMATION_FORMAT = dwarf;
				DEVELOPMENT_TEAM = NV9LC295QZ;
				ENABLE_STRICT_OBJC_MSGSEND = YES;
				ENABLE_TESTABILITY = YES;
				ENABLE_USER_SCRIPT_SANDBOXING = YES;
				GCC_C_LANGUAGE_STANDARD = gnu17;
				GCC_DYNAMIC_NO_PIC = NO;
				GCC_NO_COMMON_BLOCKS = YES;
				GCC_OPTIMIZATION_LEVEL = 0;
				GCC_PREPROCESSOR_DEFINITIONS = (
					"DEBUG=1",
					"$(inherited)",
				);
				GCC_WARN_64_TO_32_BIT_CONVERSION = YES;
				GCC_WARN_ABOUT_RETURN_TYPE = YES_ERROR;
				GCC_WARN_UNDECLARED_SELECTOR = YES;
				GCC_WARN_UNINITIALIZED_AUTOS = YES_AGGRESSIVE;
				GCC_WARN_UNUSED_FUNCTION = YES;
				GCC_WARN_UNUSED_VARIABLE = YES;
				IPHONEOS_DEPLOYMENT_TARGET = 26.2;
				LOCALIZATION_PREFERS_STRING_CATALOGS = YES;
				MTL_ENABLE_DEBUG_INFO = INCLUDE_SOURCE;
				MTL_FAST_MATH = YES;
				ONLY_ACTIVE_ARCH = YES;
				SDKROOT = iphoneos;
				SWIFT_ACTIVE_COMPILATION_CONDITIONS = "DEBUG $(inherited)";
				SWIFT_OPTIMIZATION_LEVEL = "-Onone";
			};
			name = Debug;
		};
		D4F5DA302F26B15C001A21BF /* Release */ = {
			isa = XCBuildConfiguration;
			buildSettings = {
				ALWAYS_SEARCH_USER_PATHS = NO;
				ASSETCATALOG_COMPILER_GENERATE_SWIFT_ASSET_SYMBOL_EXTENSIONS = YES;
				CLANG_ANALYZER_NONNULL = YES;
				CLANG_ANALYZER_NUMBER_OBJECT_CONVERSION = YES_AGGRESSIVE;
				CLANG_CXX_LANGUAGE_STANDARD = "gnu++20";
				CLANG_ENABLE_MODULES = YES;
				CLANG_ENABLE_OBJC_ARC = YES;
				CLANG_ENABLE_OBJC_WEAK = YES;
				CLANG_WARN_BLOCK_CAPTURE_AUTORELEASING = YES;
				CLANG_WARN_BOOL_CONVERSION = YES;
				CLANG_WARN_COMMA = YES;
				CLANG_WARN_CONSTANT_CONVERSION = YES;
				CLANG_WARN_DEPRECATED_OBJC_IMPLEMENTATIONS = YES;
				CLANG_WARN_DIRECT_OBJC_ISA_USAGE = YES_ERROR;
				CLANG_WARN_DOCUMENTATION_COMMENTS = YES;
				CLANG_WARN_EMPTY_BODY = YES;
				CLANG_WARN_ENUM_CONVERSION = YES;
				CLANG_WARN_INFINITE_RECURSION = YES;
				CLANG_WARN_INT_CONVERSION = YES;
				CLANG_WARN_NON_LITERAL_NULL_CONVERSION = YES;
				CLANG_WARN_OBJC_IMPLICIT_RETAIN_SELF = YES;
				CLANG_WARN_OBJC_LITERAL_CONVERSION = YES;
				CLANG_WARN_OBJC_ROOT_CLASS = YES_ERROR;
				CLANG_WARN_QUOTED_INCLUDE_IN_FRAMEWORK_HEADER = YES;
				CLANG_WARN_RANGE_LOOP_ANALYSIS = YES;
				CLANG_WARN_STRICT_PROTOTYPES = YES;
				CLANG_WARN_SUSPICIOUS_MOVE = YES;
				CLANG_WARN_UNGUARDED_AVAILABILITY = YES_AGGRESSIVE;
				CLANG_WARN_UNREACHABLE_CODE = YES;
				CLANG_WARN__DUPLICATE_METHOD_MATCH = YES;
				COPY_PHASE_STRIP = NO;
				DEBUG_INFORMATION_FORMAT = "dwarf-with-dsym";
				DEVELOPMENT_TEAM = NV9LC295QZ;
				ENABLE_NS_ASSERTIONS = NO;
				ENABLE_STRICT_OBJC_MSGSEND = YES;
				ENABLE_USER_SCRIPT_SANDBOXING = YES;
				GCC_C_LANGUAGE_STANDARD = gnu17;
				GCC_NO_COMMON_BLOCKS = YES;
				GCC_WARN_64_TO_32_BIT_CONVERSION = YES;
				GCC_WARN_ABOUT_RETURN_TYPE = YES_ERROR;
				GCC_WARN_UNDECLARED_SELECTOR = YES;
				GCC_WARN_UNINITIALIZED_AUTOS = YES_AGGRESSIVE;
				GCC_WARN_UNUSED_FUNCTION = YES;
				GCC_WARN_UNUSED_VARIABLE = YES;
				IPHONEOS_DEPLOYMENT_TARGET = 26.2;
				LOCALIZATION_PREFERS_STRING_CATALOGS = YES;
				MTL_ENABLE_DEBUG_INFO = NO;
				MTL_FAST_MATH = YES;
				SDKROOT = iphoneos;
				SWIFT_COMPILATION_MODE = wholemodule;
				VALIDATE_PRODUCT = YES;
			};
			name = Release;
		};
/* End XCBuildConfiguration section */

/* Begin XCConfigurationList section */
		D4F5DA0B2F26B15A001A21BF /* Build configuration list for PBXProject "AppBricks" */ = {
			isa = XCConfigurationList;
			buildConfigurations = (
				D4F5DA2F2F26B15C001A21BF /* Debug */,
				D4F5DA302F26B15C001A21BF /* Release */,
			);
			defaultConfigurationIsVisible = 0;
			defaultConfigurationName = Release;
		};
/* End XCConfigurationList section */
	};
	rootObject = D4F5DA082F26B15A001A21BF /* Project object */;
}
